// !$*UTF8*$!
{
	archiveVersion = 1;
	classes = {
	};
	objectVersion = 51;
	objects = {

/* Begin PBXBuildFile section */
		0C34C32A65E32E27C6D47C40 /* Pods_parstagramTests.framework in Frameworks */ = {isa = PBXBuildFile; fileRef = E1EFF5BFBEC4DBA3591C9E61 /* Pods_parstagramTests.framework */; };
		9F07317223FB724F00AC7867 /* AppDelegate.swift in Sources */ = {isa = PBXBuildFile; fileRef = 9F07317123FB724F00AC7867 /* AppDelegate.swift */; };
		9F07317423FB724F00AC7867 /* SceneDelegate.swift in Sources */ = {isa = PBXBuildFile; fileRef = 9F07317323FB724F00AC7867 /* SceneDelegate.swift */; };
		9F07317923FB724F00AC7867 /* Main.storyboard in Resources */ = {isa = PBXBuildFile; fileRef = 9F07317723FB724F00AC7867 /* Main.storyboard */; };
		9F07317B23FB725200AC7867 /* Assets.xcassets in Resources */ = {isa = PBXBuildFile; fileRef = 9F07317A23FB725200AC7867 /* Assets.xcassets */; };
		9F07317E23FB725200AC7867 /* LaunchScreen.storyboard in Resources */ = {isa = PBXBuildFile; fileRef = 9F07317C23FB725200AC7867 /* LaunchScreen.storyboard */; };
		9F07318923FB725300AC7867 /* parstagramTests.swift in Sources */ = {isa = PBXBuildFile; fileRef = 9F07318823FB725300AC7867 /* parstagramTests.swift */; };
		9F07319423FB725300AC7867 /* parstagramUITests.swift in Sources */ = {isa = PBXBuildFile; fileRef = 9F07319323FB725300AC7867 /* parstagramUITests.swift */; };
		9F94025D2405A3B400C66CBD /* CommentCell.swift in Sources */ = {isa = PBXBuildFile; fileRef = 9F94025C2405A3B300C66CBD /* CommentCell.swift */; };
		9F9930ED23FCE18B0033FCC0 /* LoginViewController.swift in Sources */ = {isa = PBXBuildFile; fileRef = 9F9930EC23FCE18B0033FCC0 /* LoginViewController.swift */; };
		9F9930EF23FCE19F0033FCC0 /* FeedViewController.swift in Sources */ = {isa = PBXBuildFile; fileRef = 9F9930EE23FCE19F0033FCC0 /* FeedViewController.swift */; };
		9F9930F123FCEF170033FCC0 /* CameraViewController.swift in Sources */ = {isa = PBXBuildFile; fileRef = 9F9930F023FCEF170033FCC0 /* CameraViewController.swift */; };
		9F9930F323FD13F80033FCC0 /* PostCell.swift in Sources */ = {isa = PBXBuildFile; fileRef = 9F9930F223FD13F80033FCC0 /* PostCell.swift */; };
		FE085F36761BED1F9DC00E5C /* Pods_parstagram.framework in Frameworks */ = {isa = PBXBuildFile; fileRef = FB04309ADECD408CD6015BD5 /* Pods_parstagram.framework */; };
		FF0A82EEBEAC1FD7E53A039A /* Pods_parstagram_parstagramUITests.framework in Frameworks */ = {isa = PBXBuildFile; fileRef = 091A797B8B2C2558E37EFDDA /* Pods_parstagram_parstagramUITests.framework */; };
/* End PBXBuildFile section */

/* Begin PBXContainerItemProxy section */
		9F07318523FB725300AC7867 /* PBXContainerItemProxy */ = {
			isa = PBXContainerItemProxy;
			containerPortal = 9F07316623FB724F00AC7867 /* Project object */;
			proxyType = 1;
			remoteGlobalIDString = 9F07316D23FB724F00AC7867;
			remoteInfo = parstagram;
		};
		9F07319023FB725300AC7867 /* PBXContainerItemProxy */ = {
			isa = PBXContainerItemProxy;
			containerPortal = 9F07316623FB724F00AC7867 /* Project object */;
			proxyType = 1;
			remoteGlobalIDString = 9F07316D23FB724F00AC7867;
			remoteInfo = parstagram;
		};
/* End PBXContainerItemProxy section */

/* Begin PBXFileReference section */
		00047A849AA632A338EB04B7 /* Pods-parstagram.release.xcconfig */ = {isa = PBXFileReference; includeInIndex = 1; lastKnownFileType = text.xcconfig; name = "Pods-parstagram.release.xcconfig"; path = "Target Support Files/Pods-parstagram/Pods-parstagram.release.xcconfig"; sourceTree = "<group>"; };
		091A797B8B2C2558E37EFDDA /* Pods_parstagram_parstagramUITests.framework */ = {isa = PBXFileReference; explicitFileType = wrapper.framework; includeInIndex = 0; path = Pods_parstagram_parstagramUITests.framework; sourceTree = BUILT_PRODUCTS_DIR; };
		3BE983B4DEA41B6D8BFAC594 /* Pods-parstagram-parstagramUITests.debug.xcconfig */ = {isa = PBXFileReference; includeInIndex = 1; lastKnownFileType = text.xcconfig; name = "Pods-parstagram-parstagramUITests.debug.xcconfig"; path = "Target Support Files/Pods-parstagram-parstagramUITests/Pods-parstagram-parstagramUITests.debug.xcconfig"; sourceTree = "<group>"; };
		3C46C644878868B10BC88509 /* Pods-parstagram.debug.xcconfig */ = {isa = PBXFileReference; includeInIndex = 1; lastKnownFileType = text.xcconfig; name = "Pods-parstagram.debug.xcconfig"; path = "Target Support Files/Pods-parstagram/Pods-parstagram.debug.xcconfig"; sourceTree = "<group>"; };
		3EF6D67EF34EDF50671A0B77 /* Pods-parstagramTests.release.xcconfig */ = {isa = PBXFileReference; includeInIndex = 1; lastKnownFileType = text.xcconfig; name = "Pods-parstagramTests.release.xcconfig"; path = "Target Support Files/Pods-parstagramTests/Pods-parstagramTests.release.xcconfig"; sourceTree = "<group>"; };
		959F61B6B6B434ADDB521A9F /* Pods-parstagram-parstagramUITests.release.xcconfig */ = {isa = PBXFileReference; includeInIndex = 1; lastKnownFileType = text.xcconfig; name = "Pods-parstagram-parstagramUITests.release.xcconfig"; path = "Target Support Files/Pods-parstagram-parstagramUITests/Pods-parstagram-parstagramUITests.release.xcconfig"; sourceTree = "<group>"; };
		9F07316E23FB724F00AC7867 /* parstagram.app */ = {isa = PBXFileReference; explicitFileType = wrapper.application; includeInIndex = 0; path = parstagram.app; sourceTree = BUILT_PRODUCTS_DIR; };
		9F07317123FB724F00AC7867 /* AppDelegate.swift */ = {isa = PBXFileReference; lastKnownFileType = sourcecode.swift; path = AppDelegate.swift; sourceTree = "<group>"; };
		9F07317323FB724F00AC7867 /* SceneDelegate.swift */ = {isa = PBXFileReference; lastKnownFileType = sourcecode.swift; path = SceneDelegate.swift; sourceTree = "<group>"; };
		9F07317823FB724F00AC7867 /* Base */ = {isa = PBXFileReference; lastKnownFileType = file.storyboard; name = Base; path = Base.lproj/Main.storyboard; sourceTree = "<group>"; };
		9F07317A23FB725200AC7867 /* Assets.xcassets */ = {isa = PBXFileReference; lastKnownFileType = folder.assetcatalog; path = Assets.xcassets; sourceTree = "<group>"; };
		9F07317D23FB725200AC7867 /* Base */ = {isa = PBXFileReference; lastKnownFileType = file.storyboard; name = Base; path = Base.lproj/LaunchScreen.storyboard; sourceTree = "<group>"; };
		9F07317F23FB725200AC7867 /* Info.plist */ = {isa = PBXFileReference; lastKnownFileType = text.plist.xml; path = Info.plist; sourceTree = "<group>"; };
		9F07318423FB725300AC7867 /* parstagramTests.xctest */ = {isa = PBXFileReference; explicitFileType = wrapper.cfbundle; includeInIndex = 0; path = parstagramTests.xctest; sourceTree = BUILT_PRODUCTS_DIR; };
		9F07318823FB725300AC7867 /* parstagramTests.swift */ = {isa = PBXFileReference; lastKnownFileType = sourcecode.swift; path = parstagramTests.swift; sourceTree = "<group>"; };
		9F07318A23FB725300AC7867 /* Info.plist */ = {isa = PBXFileReference; lastKnownFileType = text.plist.xml; path = Info.plist; sourceTree = "<group>"; };
		9F07318F23FB725300AC7867 /* parstagramUITests.xctest */ = {isa = PBXFileReference; explicitFileType = wrapper.cfbundle; includeInIndex = 0; path = parstagramUITests.xctest; sourceTree = BUILT_PRODUCTS_DIR; };
		9F07319323FB725300AC7867 /* parstagramUITests.swift */ = {isa = PBXFileReference; lastKnownFileType = sourcecode.swift; path = parstagramUITests.swift; sourceTree = "<group>"; };
		9F07319523FB725300AC7867 /* Info.plist */ = {isa = PBXFileReference; lastKnownFileType = text.plist.xml; path = Info.plist; sourceTree = "<group>"; };
		9F94025C2405A3B300C66CBD /* CommentCell.swift */ = {isa = PBXFileReference; lastKnownFileType = sourcecode.swift; path = CommentCell.swift; sourceTree = "<group>"; };
		9F9930EC23FCE18B0033FCC0 /* LoginViewController.swift */ = {isa = PBXFileReference; lastKnownFileType = sourcecode.swift; path = LoginViewController.swift; sourceTree = "<group>"; };
		9F9930EE23FCE19F0033FCC0 /* FeedViewController.swift */ = {isa = PBXFileReference; lastKnownFileType = sourcecode.swift; path = FeedViewController.swift; sourceTree = "<group>"; };
		9F9930F023FCEF170033FCC0 /* CameraViewController.swift */ = {isa = PBXFileReference; lastKnownFileType = sourcecode.swift; path = CameraViewController.swift; sourceTree = "<group>"; };
		9F9930F223FD13F80033FCC0 /* PostCell.swift */ = {isa = PBXFileReference; lastKnownFileType = sourcecode.swift; path = PostCell.swift; sourceTree = "<group>"; };
		E1EFF5BFBEC4DBA3591C9E61 /* Pods_parstagramTests.framework */ = {isa = PBXFileReference; explicitFileType = wrapper.framework; includeInIndex = 0; path = Pods_parstagramTests.framework; sourceTree = BUILT_PRODUCTS_DIR; };
		FB04309ADECD408CD6015BD5 /* Pods_parstagram.framework */ = {isa = PBXFileReference; explicitFileType = wrapper.framework; includeInIndex = 0; path = Pods_parstagram.framework; sourceTree = BUILT_PRODUCTS_DIR; };
		FB0F17BFF92459C9E3C38462 /* Pods-parstagramTests.debug.xcconfig */ = {isa = PBXFileReference; includeInIndex = 1; lastKnownFileType = text.xcconfig; name = "Pods-parstagramTests.debug.xcconfig"; path = "Target Support Files/Pods-parstagramTests/Pods-parstagramTests.debug.xcconfig"; sourceTree = "<group>"; };
/* End PBXFileReference section */

/* Begin PBXFrameworksBuildPhase section */
		9F07316B23FB724F00AC7867 /* Frameworks */ = {
			isa = PBXFrameworksBuildPhase;
			buildActionMask = 2147483647;
			files = (
				FE085F36761BED1F9DC00E5C /* Pods_parstagram.framework in Frameworks */,
			);
			runOnlyForDeploymentPostprocessing = 0;
		};
		9F07318123FB725300AC7867 /* Frameworks */ = {
			isa = PBXFrameworksBuildPhase;
			buildActionMask = 2147483647;
			files = (
				0C34C32A65E32E27C6D47C40 /* Pods_parstagramTests.framework in Frameworks */,
			);
			runOnlyForDeploymentPostprocessing = 0;
		};
		9F07318C23FB725300AC7867 /* Frameworks */ = {
			isa = PBXFrameworksBuildPhase;
			buildActionMask = 2147483647;
			files = (
				FF0A82EEBEAC1FD7E53A039A /* Pods_parstagram_parstagramUITests.framework in Frameworks */,
			);
			runOnlyForDeploymentPostprocessing = 0;
		};
/* End PBXFrameworksBuildPhase section */

/* Begin PBXGroup section */
		45C9CF294DD0A1485E052E67 /* Pods */ = {
			isa = PBXGroup;
			children = (
				3C46C644878868B10BC88509 /* Pods-parstagram.debug.xcconfig */,
				00047A849AA632A338EB04B7 /* Pods-parstagram.release.xcconfig */,
				3BE983B4DEA41B6D8BFAC594 /* Pods-parstagram-parstagramUITests.debug.xcconfig */,
				959F61B6B6B434ADDB521A9F /* Pods-parstagram-parstagramUITests.release.xcconfig */,
				FB0F17BFF92459C9E3C38462 /* Pods-parstagramTests.debug.xcconfig */,
				3EF6D67EF34EDF50671A0B77 /* Pods-parstagramTests.release.xcconfig */,
			);
			path = Pods;
			sourceTree = "<group>";
		};
		5BE37B69497C16F63385A837 /* Frameworks */ = {
			isa = PBXGroup;
			children = (
				FB04309ADECD408CD6015BD5 /* Pods_parstagram.framework */,
				091A797B8B2C2558E37EFDDA /* Pods_parstagram_parstagramUITests.framework */,
				E1EFF5BFBEC4DBA3591C9E61 /* Pods_parstagramTests.framework */,
			);
			name = Frameworks;
			sourceTree = "<group>";
		};
		9F07316523FB724F00AC7867 = {
			isa = PBXGroup;
			children = (
				9F07317023FB724F00AC7867 /* parstagram */,
				9F07318723FB725300AC7867 /* parstagramTests */,
				9F07319223FB725300AC7867 /* parstagramUITests */,
				9F07316F23FB724F00AC7867 /* Products */,
				45C9CF294DD0A1485E052E67 /* Pods */,
				5BE37B69497C16F63385A837 /* Frameworks */,
			);
			sourceTree = "<group>";
		};
		9F07316F23FB724F00AC7867 /* Products */ = {
			isa = PBXGroup;
			children = (
				9F07316E23FB724F00AC7867 /* parstagram.app */,
				9F07318423FB725300AC7867 /* parstagramTests.xctest */,
				9F07318F23FB725300AC7867 /* parstagramUITests.xctest */,
			);
			name = Products;
			sourceTree = "<group>";
		};
		9F07317023FB724F00AC7867 /* parstagram */ = {
			isa = PBXGroup;
			children = (
				9F07317123FB724F00AC7867 /* AppDelegate.swift */,
				9F07317323FB724F00AC7867 /* SceneDelegate.swift */,
				9F07317723FB724F00AC7867 /* Main.storyboard */,
				9F07317A23FB725200AC7867 /* Assets.xcassets */,
				9F07317C23FB725200AC7867 /* LaunchScreen.storyboard */,
				9F07317F23FB725200AC7867 /* Info.plist */,
				9F9930EC23FCE18B0033FCC0 /* LoginViewController.swift */,
				9F9930EE23FCE19F0033FCC0 /* FeedViewController.swift */,
				9F9930F023FCEF170033FCC0 /* CameraViewController.swift */,
				9F9930F223FD13F80033FCC0 /* PostCell.swift */,
				9F94025C2405A3B300C66CBD /* CommentCell.swift */,
			);
			path = parstagram;
			sourceTree = "<group>";
		};
		9F07318723FB725300AC7867 /* parstagramTests */ = {
			isa = PBXGroup;
			children = (
				9F07318823FB725300AC7867 /* parstagramTests.swift */,
				9F07318A23FB725300AC7867 /* Info.plist */,
			);
			path = parstagramTests;
			sourceTree = "<group>";
		};
		9F07319223FB725300AC7867 /* parstagramUITests */ = {
			isa = PBXGroup;
			children = (
				9F07319323FB725300AC7867 /* parstagramUITests.swift */,
				9F07319523FB725300AC7867 /* Info.plist */,
			);
			path = parstagramUITests;
			sourceTree = "<group>";
		};
/* End PBXGroup section */

/* Begin PBXNativeTarget section */
		9F07316D23FB724F00AC7867 /* parstagram */ = {
			isa = PBXNativeTarget;
			buildConfigurationList = 9F07319823FB725300AC7867 /* Build configuration list for PBXNativeTarget "parstagram" */;
			buildPhases = (
				2061217FDF71451776FD866B /* [CP] Check Pods Manifest.lock */,
				9F07316A23FB724F00AC7867 /* Sources */,
				9F07316B23FB724F00AC7867 /* Frameworks */,
				9F07316C23FB724F00AC7867 /* Resources */,
				1607EE4AED062498CF956A34 /* [CP] Embed Pods Frameworks */,
			);
			buildRules = (
			);
			dependencies = (
			);
			name = parstagram;
			productName = parstagram;
			productReference = 9F07316E23FB724F00AC7867 /* parstagram.app */;
			productType = "com.apple.product-type.application";
		};
		9F07318323FB725300AC7867 /* parstagramTests */ = {
			isa = PBXNativeTarget;
			buildConfigurationList = 9F07319B23FB725300AC7867 /* Build configuration list for PBXNativeTarget "parstagramTests" */;
			buildPhases = (
				EC6ED42237C7E8150FC94630 /* [CP] Check Pods Manifest.lock */,
				9F07318023FB725300AC7867 /* Sources */,
				9F07318123FB725300AC7867 /* Frameworks */,
				9F07318223FB725300AC7867 /* Resources */,
			);
			buildRules = (
			);
			dependencies = (
				9F07318623FB725300AC7867 /* PBXTargetDependency */,
			);
			name = parstagramTests;
			productName = parstagramTests;
			productReference = 9F07318423FB725300AC7867 /* parstagramTests.xctest */;
			productType = "com.apple.product-type.bundle.unit-test";
		};
		9F07318E23FB725300AC7867 /* parstagramUITests */ = {
			isa = PBXNativeTarget;
			buildConfigurationList = 9F07319E23FB725300AC7867 /* Build configuration list for PBXNativeTarget "parstagramUITests" */;
			buildPhases = (
				F7A24D5A431A6A9E6BA23C84 /* [CP] Check Pods Manifest.lock */,
				9F07318B23FB725300AC7867 /* Sources */,
				9F07318C23FB725300AC7867 /* Frameworks */,
				9F07318D23FB725300AC7867 /* Resources */,
				368D083B6794FF38272C70EE /* [CP] Embed Pods Frameworks */,
			);
			buildRules = (
			);
			dependencies = (
				9F07319123FB725300AC7867 /* PBXTargetDependency */,
			);
			name = parstagramUITests;
			productName = parstagramUITests;
			productReference = 9F07318F23FB725300AC7867 /* parstagramUITests.xctest */;
			productType = "com.apple.product-type.bundle.ui-testing";
		};
/* End PBXNativeTarget section */

/* Begin PBXProject section */
		9F07316623FB724F00AC7867 /* Project object */ = {
			isa = PBXProject;
			attributes = {
				LastSwiftUpdateCheck = 1130;
				LastUpgradeCheck = 1130;
				ORGANIZATIONNAME = "Meryl Marasigan";
				TargetAttributes = {
					9F07316D23FB724F00AC7867 = {
						CreatedOnToolsVersion = 11.3.1;
					};
					9F07318323FB725300AC7867 = {
						CreatedOnToolsVersion = 11.3.1;
						TestTargetID = 9F07316D23FB724F00AC7867;
					};
					9F07318E23FB725300AC7867 = {
						CreatedOnToolsVersion = 11.3.1;
						TestTargetID = 9F07316D23FB724F00AC7867;
					};
				};
			};
			buildConfigurationList = 9F07316923FB724F00AC7867 /* Build configuration list for PBXProject "parstagram" */;
			compatibilityVersion = "Xcode 9.3";
			developmentRegion = en;
			hasScannedForEncodings = 0;
			knownRegions = (
				en,
				Base,
			);
			mainGroup = 9F07316523FB724F00AC7867;
			productRefGroup = 9F07316F23FB724F00AC7867 /* Products */;
			projectDirPath = "";
			projectRoot = "";
			targets = (
				9F07316D23FB724F00AC7867 /* parstagram */,
				9F07318323FB725300AC7867 /* parstagramTests */,
				9F07318E23FB725300AC7867 /* parstagramUITests */,
			);
		};
/* End PBXProject section */

/* Begin PBXResourcesBuildPhase section */
		9F07316C23FB724F00AC7867 /* Resources */ = {
			isa = PBXResourcesBuildPhase;
			buildActionMask = 2147483647;
			files = (
				9F07317E23FB725200AC7867 /* LaunchScreen.storyboard in Resources */,
				9F07317B23FB725200AC7867 /* Assets.xcassets in Resources */,
				9F07317923FB724F00AC7867 /* Main.storyboard in Resources */,
			);
			runOnlyForDeploymentPostprocessing = 0;
		};
		9F07318223FB725300AC7867 /* Resources */ = {
			isa = PBXResourcesBuildPhase;
			buildActionMask = 2147483647;
			files = (
			);
			runOnlyForDeploymentPostprocessing = 0;
		};
		9F07318D23FB725300AC7867 /* Resources */ = {
			isa = PBXResourcesBuildPhase;
			buildActionMask = 2147483647;
			files = (
			);
			runOnlyForDeploymentPostprocessing = 0;
		};
/* End PBXResourcesBuildPhase section */

/* Begin PBXShellScriptBuildPhase section */
		1607EE4AED062498CF956A34 /* [CP] Embed Pods Frameworks */ = {
			isa = PBXShellScriptBuildPhase;
			buildActionMask = 2147483647;
			files = (
			);
			inputFileListPaths = (
				"${PODS_ROOT}/Target Support Files/Pods-parstagram/Pods-parstagram-frameworks-${CONFIGURATION}-input-files.xcfilelist",
			);
			name = "[CP] Embed Pods Frameworks";
			outputFileListPaths = (
				"${PODS_ROOT}/Target Support Files/Pods-parstagram/Pods-parstagram-frameworks-${CONFIGURATION}-output-files.xcfilelist",
			);
			runOnlyForDeploymentPostprocessing = 0;
			shellPath = /bin/sh;
			shellScript = "\"${PODS_ROOT}/Target Support Files/Pods-parstagram/Pods-parstagram-frameworks.sh\"\n";
			showEnvVarsInLog = 0;
		};
		2061217FDF71451776FD866B /* [CP] Check Pods Manifest.lock */ = {
			isa = PBXShellScriptBuildPhase;
			buildActionMask = 2147483647;
			files = (
			);
			inputFileListPaths = (
			);
			inputPaths = (
				"${PODS_PODFILE_DIR_PATH}/Podfile.lock",
				"${PODS_ROOT}/Manifest.lock",
			);
			name = "[CP] Check Pods Manifest.lock";
			outputFileListPaths = (
			);
			outputPaths = (
				"$(DERIVED_FILE_DIR)/Pods-parstagram-checkManifestLockResult.txt",
			);
			runOnlyForDeploymentPostprocessing = 0;
			shellPath = /bin/sh;
			shellScript = "diff \"${PODS_PODFILE_DIR_PATH}/Podfile.lock\" \"${PODS_ROOT}/Manifest.lock\" > /dev/null\nif [ $? != 0 ] ; then\n    # print error to STDERR\n    echo \"error: The sandbox is not in sync with the Podfile.lock. Run 'pod install' or update your CocoaPods installation.\" >&2\n    exit 1\nfi\n# This output is used by Xcode 'outputs' to avoid re-running this script phase.\necho \"SUCCESS\" > \"${SCRIPT_OUTPUT_FILE_0}\"\n";
			showEnvVarsInLog = 0;
		};
		368D083B6794FF38272C70EE /* [CP] Embed Pods Frameworks */ = {
			isa = PBXShellScriptBuildPhase;
			buildActionMask = 2147483647;
			files = (
			);
			inputFileListPaths = (
				"${PODS_ROOT}/Target Support Files/Pods-parstagram-parstagramUITests/Pods-parstagram-parstagramUITests-frameworks-${CONFIGURATION}-input-files.xcfilelist",
			);
			name = "[CP] Embed Pods Frameworks";
			outputFileListPaths = (
				"${PODS_ROOT}/Target Support Files/Pods-parstagram-parstagramUITests/Pods-parstagram-parstagramUITests-frameworks-${CONFIGURATION}-output-files.xcfilelist",
			);
			runOnlyForDeploymentPostprocessing = 0;
			shellPath = /bin/sh;
			shellScript = "\"${PODS_ROOT}/Target Support Files/Pods-parstagram-parstagramUITests/Pods-parstagram-parstagramUITests-frameworks.sh\"\n";
			showEnvVarsInLog = 0;
		};
		EC6ED42237C7E8150FC94630 /* [CP] Check Pods Manifest.lock */ = {
			isa = PBXShellScriptBuildPhase;
			buildActionMask = 2147483647;
			files = (
			);
			inputFileListPaths = (
			);
			inputPaths = (
				"${PODS_PODFILE_DIR_PATH}/Podfile.lock",
				"${PODS_ROOT}/Manifest.lock",
			);
			name = "[CP] Check Pods Manifest.lock";
			outputFileListPaths = (
			);
			outputPaths = (
				"$(DERIVED_FILE_DIR)/Pods-parstagramTests-checkManifestLockResult.txt",
			);
			runOnlyForDeploymentPostprocessing = 0;
			shellPath = /bin/sh;
			shellScript = "diff \"${PODS_PODFILE_DIR_PATH}/Podfile.lock\" \"${PODS_ROOT}/Manifest.lock\" > /dev/null\nif [ $? != 0 ] ; then\n    # print error to STDERR\n    echo \"error: The sandbox is not in sync with the Podfile.lock. Run 'pod install' or update your CocoaPods installation.\" >&2\n    exit 1\nfi\n# This output is used by Xcode 'outputs' to avoid re-running this script phase.\necho \"SUCCESS\" > \"${SCRIPT_OUTPUT_FILE_0}\"\n";
			showEnvVarsInLog = 0;
		};
		F7A24D5A431A6A9E6BA23C84 /* [CP] Check Pods Manifest.lock */ = {
			isa = PBXShellScriptBuildPhase;
			buildActionMask = 2147483647;
			files = (
			);
			inputFileListPaths = (
			);
			inputPaths = (
				"${PODS_PODFILE_DIR_PATH}/Podfile.lock",
				"${PODS_ROOT}/Manifest.lock",
			);
			name = "[CP] Check Pods Manifest.lock";
			outputFileListPaths = (
			);
			outputPaths = (
				"$(DERIVED_FILE_DIR)/Pods-parstagram-parstagramUITests-checkManifestLockResult.txt",
			);
			runOnlyForDeploymentPostprocessing = 0;
			shellPath = /bin/sh;
			shellScript = "diff \"${PODS_PODFILE_DIR_PATH}/Podfile.lock\" \"${PODS_ROOT}/Manifest.lock\" > /dev/null\nif [ $? != 0 ] ; then\n    # print error to STDERR\n    echo \"error: The sandbox is not in sync with the Podfile.lock. Run 'pod install' or update your CocoaPods installation.\" >&2\n    exit 1\nfi\n# This output is used by Xcode 'outputs' to avoid re-running this script phase.\necho \"SUCCESS\" > \"${SCRIPT_OUTPUT_FILE_0}\"\n";
			showEnvVarsInLog = 0;
		};
/* End PBXShellScriptBuildPhase section */

/* Begin PBXSourcesBuildPhase section */
		9F07316A23FB724F00AC7867 /* Sources */ = {
			isa = PBXSourcesBuildPhase;
			buildActionMask = 2147483647;
			files = (
				9F9930ED23FCE18B0033FCC0 /* LoginViewController.swift in Sources */,
				9F9930F123FCEF170033FCC0 /* CameraViewController.swift in Sources */,
				9F07317223FB724F00AC7867 /* AppDelegate.swift in Sources */,
				9F9930EF23FCE19F0033FCC0 /* FeedViewController.swift in Sources */,
				9F07317423FB724F00AC7867 /* SceneDelegate.swift in Sources */,
				9F9930F323FD13F80033FCC0 /* PostCell.swift in Sources */,
				9F94025D2405A3B400C66CBD /* CommentCell.swift in Sources */,
			);
			runOnlyForDeploymentPostprocessing = 0;
		};
		9F07318023FB725300AC7867 /* Sources */ = {
			isa = PBXSourcesBuildPhase;
			buildActionMask = 2147483647;
			files = (
				9F07318923FB725300AC7867 /* parstagramTests.swift in Sources */,
			);
			runOnlyForDeploymentPostprocessing = 0;
		};
		9F07318B23FB725300AC7867 /* Sources */ = {
			isa = PBXSourcesBuildPhase;
			buildActionMask = 2147483647;
			files = (
				9F07319423FB725300AC7867 /* parstagramUITests.swift in Sources */,
			);
			runOnlyForDeploymentPostprocessing = 0;
		};
/* End PBXSourcesBuildPhase section */

/* Begin PBXTargetDependency section */
		9F07318623FB725300AC7867 /* PBXTargetDependency */ = {
			isa = PBXTargetDependency;
			target = 9F07316D23FB724F00AC7867 /* parstagram */;
			targetProxy = 9F07318523FB725300AC7867 /* PBXContainerItemProxy */;
		};
		9F07319123FB725300AC7867 /* PBXTargetDependency */ = {
			isa = PBXTargetDependency;
			target = 9F07316D23FB724F00AC7867 /* parstagram */;
			targetProxy = 9F07319023FB725300AC7867 /* PBXContainerItemProxy */;
		};
/* End PBXTargetDependency section */

/* Begin PBXVariantGroup section */
		9F07317723FB724F00AC7867 /* Main.storyboard */ = {
			isa = PBXVariantGroup;
			children = (
				9F07317823FB724F00AC7867 /* Base */,
			);
			name = Main.storyboard;
			sourceTree = "<group>";
		};
		9F07317C23FB725200AC7867 /* LaunchScreen.storyboard */ = {
			isa = PBXVariantGroup;
			children = (
				9F07317D23FB725200AC7867 /* Base */,
			);
			name = LaunchScreen.storyboard;
			sourceTree = "<group>";
		};
/* End PBXVariantGroup section */

/* Begin XCBuildConfiguration section */
		9F07319623FB725300AC7867 /* Debug */ = {
			isa = XCBuildConfiguration;
			buildSettings = {
				ALWAYS_SEARCH_USER_PATHS = NO;
				CLANG_ANALYZER_NONNULL = YES;
				CLANG_ANALYZER_NUMBER_OBJECT_CONVERSION = YES_AGGRESSIVE;
				CLANG_CXX_LANGUAGE_STANDARD = "gnu++14";
				CLANG_CXX_LIBRARY = "libc++";
				CLANG_ENABLE_MODULES = YES;
				CLANG_ENABLE_OBJC_ARC = YES;
				CLANG_ENABLE_OBJC_WEAK = YES;
				CLANG_WARN_BLOCK_CAPTURE_AUTORELEASING = YES;
				CLANG_WARN_BOOL_CONVERSION = YES;
				CLANG_WARN_COMMA = YES;
				CLANG_WARN_CONSTANT_CONVERSION = YES;
				CLANG_WARN_DEPRECATED_OBJC_IMPLEMENTATIONS = YES;
				CLANG_WARN_DIRECT_OBJC_ISA_USAGE = YES_ERROR;
				CLANG_WARN_DOCUMENTATION_COMMENTS = YES;
				CLANG_WARN_EMPTY_BODY = YES;
				CLANG_WARN_ENUM_CONVERSION = YES;
				CLANG_WARN_INFINITE_RECURSION = YES;
				CLANG_WARN_INT_CONVERSION = YES;
				CLANG_WARN_NON_LITERAL_NULL_CONVERSION = YES;
				CLANG_WARN_OBJC_IMPLICIT_RETAIN_SELF = YES;
				CLANG_WARN_OBJC_LITERAL_CONVERSION = YES;
				CLANG_WARN_OBJC_ROOT_CLASS = YES_ERROR;
				CLANG_WARN_RANGE_LOOP_ANALYSIS = YES;
				CLANG_WARN_STRICT_PROTOTYPES = YES;
				CLANG_WARN_SUSPICIOUS_MOVE = YES;
				CLANG_WARN_UNGUARDED_AVAILABILITY = YES_AGGRESSIVE;
				CLANG_WARN_UNREACHABLE_CODE = YES;
				CLANG_WARN__DUPLICATE_METHOD_MATCH = YES;
				COPY_PHASE_STRIP = NO;
				DEBUG_INFORMATION_FORMAT = dwarf;
				ENABLE_STRICT_OBJC_MSGSEND = YES;
				ENABLE_TESTABILITY = YES;
				GCC_C_LANGUAGE_STANDARD = gnu11;
				GCC_DYNAMIC_NO_PIC = NO;
				GCC_NO_COMMON_BLOCKS = YES;
				GCC_OPTIMIZATION_LEVEL = 0;
				GCC_PREPROCESSOR_DEFINITIONS = (
					"DEBUG=1",
					"$(inherited)",
				);
				GCC_WARN_64_TO_32_BIT_CONVERSION = YES;
				GCC_WARN_ABOUT_RETURN_TYPE = YES_ERROR;
				GCC_WARN_UNDECLARED_SELECTOR = YES;
				GCC_WARN_UNINITIALIZED_AUTOS = YES_AGGRESSIVE;
				GCC_WARN_UNUSED_FUNCTION = YES;
				GCC_WARN_UNUSED_VARIABLE = YES;
				IPHONEOS_DEPLOYMENT_TARGET = 13.2;
				MTL_ENABLE_DEBUG_INFO = INCLUDE_SOURCE;
				MTL_FAST_MATH = YES;
				ONLY_ACTIVE_ARCH = YES;
				SDKROOT = iphoneos;
				SWIFT_ACTIVE_COMPILATION_CONDITIONS = DEBUG;
				SWIFT_OPTIMIZATION_LEVEL = "-Onone";
			};
			name = Debug;
		};
		9F07319723FB725300AC7867 /* Release */ = {
			isa = XCBuildConfiguration;
			buildSettings = {
				ALWAYS_SEARCH_USER_PATHS = NO;
				CLANG_ANALYZER_NONNULL = YES;
				CLANG_ANALYZER_NUMBER_OBJECT_CONVERSION = YES_AGGRESSIVE;
				CLANG_CXX_LANGUAGE_STANDARD = "gnu++14";
				CLANG_CXX_LIBRARY = "libc++";
				CLANG_ENABLE_MODULES = YES;
				CLANG_ENABLE_OBJC_ARC = YES;
				CLANG_ENABLE_OBJC_WEAK = YES;
				CLANG_WARN_BLOCK_CAPTURE_AUTORELEASING = YES;
				CLANG_WARN_BOOL_CONVERSION = YES;
				CLANG_WARN_COMMA = YES;
				CLANG_WARN_CONSTANT_CONVERSION = YES;
				CLANG_WARN_DEPRECATED_OBJC_IMPLEMENTATIONS = YES;
				CLANG_WARN_DIRECT_OBJC_ISA_USAGE = YES_ERROR;
				CLANG_WARN_DOCUMENTATION_COMMENTS = YES;
				CLANG_WARN_EMPTY_BODY = YES;
				CLANG_WARN_ENUM_CONVERSION = YES;
				CLANG_WARN_INFINITE_RECURSION = YES;
				CLANG_WARN_INT_CONVERSION = YES;
				CLANG_WARN_NON_LITERAL_NULL_CONVERSION = YES;
				CLANG_WARN_OBJC_IMPLICIT_RETAIN_SELF = YES;
				CLANG_WARN_OBJC_LITERAL_CONVERSION = YES;
				CLANG_WARN_OBJC_ROOT_CLASS = YES_ERROR;
				CLANG_WARN_RANGE_LOOP_ANALYSIS = YES;
				CLANG_WARN_STRICT_PROTOTYPES = YES;
				CLANG_WARN_SUSPICIOUS_MOVE = YES;
				CLANG_WARN_UNGUARDED_AVAILABILITY = YES_AGGRESSIVE;
				CLANG_WARN_UNREACHABLE_CODE = YES;
				CLANG_WARN__DUPLICATE_METHOD_MATCH = YES;
				COPY_PHASE_STRIP = NO;
				DEBUG_INFORMATION_FORMAT = "dwarf-with-dsym";
				ENABLE_NS_ASSERTIONS = NO;
				ENABLE_STRICT_OBJC_MSGSEND = YES;
				GCC_C_LANGUAGE_STANDARD = gnu11;
				GCC_NO_COMMON_BLOCKS = YES;
				GCC_WARN_64_TO_32_BIT_CONVERSION = YES;
				GCC_WARN_ABOUT_RETURN_TYPE = YES_ERROR;
				GCC_WARN_UNDECLARED_SELECTOR = YES;
				GCC_WARN_UNINITIALIZED_AUTOS = YES_AGGRESSIVE;
				GCC_WARN_UNUSED_FUNCTION = YES;
				GCC_WARN_UNUSED_VARIABLE = YES;
				IPHONEOS_DEPLOYMENT_TARGET = 13.2;
				MTL_ENABLE_DEBUG_INFO = NO;
				MTL_FAST_MATH = YES;
				SDKROOT = iphoneos;
				SWIFT_COMPILATION_MODE = wholemodule;
				SWIFT_OPTIMIZATION_LEVEL = "-O";
				VALIDATE_PRODUCT = YES;
			};
			name = Release;
		};
		9F07319923FB725300AC7867 /* Debug */ = {
			isa = XCBuildConfiguration;
			baseConfigurationReference = 3C46C644878868B10BC88509 /* Pods-parstagram.debug.xcconfig */;
			buildSettings = {
				ASSETCATALOG_COMPILER_APPICON_NAME = AppIcon;
				CODE_SIGN_STYLE = Automatic;
				INFOPLIST_FILE = parstagram/Info.plist;
				LD_RUNPATH_SEARCH_PATHS = (
					"$(inherited)",
					"@executable_path/Frameworks",
				);
				PRODUCT_BUNDLE_IDENTIFIER = merylmarasigan.parstagram;
				PRODUCT_NAME = "$(TARGET_NAME)";
				SWIFT_VERSION = 5.0;
				TARGETED_DEVICE_FAMILY = "1,2";
			};
			name = Debug;
		};
		9F07319A23FB725300AC7867 /* Release */ = {
			isa = XCBuildConfiguration;
			baseConfigurationReference = 00047A849AA632A338EB04B7 /* Pods-parstagram.release.xcconfig */;
			buildSettings = {
				ASSETCATALOG_COMPILER_APPICON_NAME = AppIcon;
				CODE_SIGN_STYLE = Automatic;
				INFOPLIST_FILE = parstagram/Info.plist;
				LD_RUNPATH_SEARCH_PATHS = (
					"$(inherited)",
					"@executable_path/Frameworks",
				);
				PRODUCT_BUNDLE_IDENTIFIER = merylmarasigan.parstagram;
				PRODUCT_NAME = "$(TARGET_NAME)";
				SWIFT_VERSION = 5.0;
				TARGETED_DEVICE_FAMILY = "1,2";
			};
			name = Release;
		};
		9F07319C23FB725300AC7867 /* Debug */ = {
			isa = XCBuildConfiguration;
			baseConfigurationReference = FB0F17BFF92459C9E3C38462 /* Pods-parstagramTests.debug.xcconfig */;
			buildSettings = {
				ALWAYS_EMBED_SWIFT_STANDARD_LIBRARIES = YES;
				BUNDLE_LOADER = "$(TEST_HOST)";
				CODE_SIGN_STYLE = Automatic;
				INFOPLIST_FILE = parstagramTests/Info.plist;
				IPHONEOS_DEPLOYMENT_TARGET = 13.2;
				LD_RUNPATH_SEARCH_PATHS = (
					"$(inherited)",
					"@executable_path/Frameworks",
					"@loader_path/Frameworks",
				);
				PRODUCT_BUNDLE_IDENTIFIER = merylmarasigan.parstagramTests;
				PRODUCT_NAME = "$(TARGET_NAME)";
				SWIFT_VERSION = 5.0;
				TARGETED_DEVICE_FAMILY = "1,2";
				TEST_HOST = "$(BUILT_PRODUCTS_DIR)/parstagram.app/parstagram";
			};
			name = Debug;
		};
		9F07319D23FB725300AC7867 /* Release */ = {
			isa = XCBuildConfiguration;
			baseConfigurationReference = 3EF6D67EF34EDF50671A0B77 /* Pods-parstagramTests.release.xcconfig */;
			buildSettings = {
				ALWAYS_EMBED_SWIFT_STANDARD_LIBRARIES = YES;
				BUNDLE_LOADER = "$(TEST_HOST)";
				CODE_SIGN_STYLE = Automatic;
				INFOPLIST_FILE = parstagramTests/Info.plist;
				IPHONEOS_DEPLOYMENT_TARGET = 13.2;
				LD_RUNPATH_SEARCH_PATHS = (
					"$(inherited)",
					"@executable_path/Frameworks",
					"@loader_path/Frameworks",
				);
				PRODUCT_BUNDLE_IDENTIFIER = merylmarasigan.parstagramTests;
				PRODUCT_NAME = "$(TARGET_NAME)";
				SWIFT_VERSION = 5.0;
				TARGETED_DEVICE_FAMILY = "1,2";
				TEST_HOST = "$(BUILT_PRODUCTS_DIR)/parstagram.app/parstagram";
			};
			name = Release;
		};
		9F07319F23FB725300AC7867 /* Debug */ = {
			isa = XCBuildConfiguration;
			baseConfigurationReference = 3BE983B4DEA41B6D8BFAC594 /* Pods-parstagram-parstagramUITests.debug.xcconfig */;
			buildSettings = {
				ALWAYS_EMBED_SWIFT_STANDARD_LIBRARIES = YES;
				CODE_SIGN_STYLE = Automatic;
				INFOPLIST_FILE = parstagramUITests/Info.plist;
				LD_RUNPATH_SEARCH_PATHS = (
					"$(inherited)",
					"@executable_path/Frameworks",
					"@loader_path/Frameworks",
				);
				PRODUCT_BUNDLE_IDENTIFIER = merylmarasigan.parstagramUITests;
				PRODUCT_NAME = "$(TARGET_NAME)";
				SWIFT_VERSION = 5.0;
				TARGETED_DEVICE_FAMILY = "1,2";
				TEST_TARGET_NAME = parstagram;
			};
			name = Debug;
		};
		9F0731A023FB725300AC7867 /* Release */ = {
			isa = XCBuildConfiguration;
			baseConfigurationReference = 959F61B6B6B434ADDB521A9F /* Pods-parstagram-parstagramUITests.release.xcconfig */;
			buildSettings = {
				ALWAYS_EMBED_SWIFT_STANDARD_LIBRARIES = YES;
				CODE_SIGN_STYLE = Automatic;
				INFOPLIST_FILE = parstagramUITests/Info.plist;
				LD_RUNPATH_SEARCH_PATHS = (
					"$(inherited)",
					"@executable_path/Frameworks",
					"@loader_path/Frameworks",
				);
				PRODUCT_BUNDLE_IDENTIFIER = merylmarasigan.parstagramUITests;
				PRODUCT_NAME = "$(TARGET_NAME)";
				SWIFT_VERSION = 5.0;
				TARGETED_DEVICE_FAMILY = "1,2";
				TEST_TARGET_NAME = parstagram;
			};
			name = Release;
		};
/* End XCBuildConfiguration section */

/* Begin XCConfigurationList section */
		9F07316923FB724F00AC7867 /* Build configuration list for PBXProject "parstagram" */ = {
			isa = XCConfigurationList;
			buildConfigurations = (
				9F07319623FB725300AC7867 /* Debug */,
				9F07319723FB725300AC7867 /* Release */,
			);
			defaultConfigurationIsVisible = 0;
			defaultConfigurationName = Release;
		};
		9F07319823FB725300AC7867 /* Build configuration list for PBXNativeTarget "parstagram" */ = {
			isa = XCConfigurationList;
			buildConfigurations = (
				9F07319923FB725300AC7867 /* Debug */,
				9F07319A23FB725300AC7867 /* Release */,
			);
			defaultConfigurationIsVisible = 0;
			defaultConfigurationName = Release;
		};
		9F07319B23FB725300AC7867 /* Build configuration list for PBXNativeTarget "parstagramTests" */ = {
			isa = XCConfigurationList;
			buildConfigurations = (
				9F07319C23FB725300AC7867 /* Debug */,
				9F07319D23FB725300AC7867 /* Release */,
			);
			defaultConfigurationIsVisible = 0;
			defaultConfigurationName = Release;
		};
		9F07319E23FB725300AC7867 /* Build configuration list for PBXNativeTarget "parstagramUITests" */ = {
			isa = XCConfigurationList;
			buildConfigurations = (
				9F07319F23FB725300AC7867 /* Debug */,
				9F0731A023FB725300AC7867 /* Release */,
			);
			defaultConfigurationIsVisible = 0;
			defaultConfigurationName = Release;
		};
/* End XCConfigurationList section */
	};
	rootObject = 9F07316623FB724F00AC7867 /* Project object */;
}
